
Microsoft Visual Studio Solution File, Format Version 12.00
# Visual Studio Version 17
VisualStudioVersion = 17.4.33110.190
MinimumVisualStudioVersion = 10.0.40219.1
Project("{FAE04EC0-301F-11D3-BF4B-00C04F79EFBC}") = "CraftableShipSystemUpgrader", "CraftableShipSystemUpgrader\CraftableShipSystemUpgrader.csproj", "{51BE36F7-3B3B-43DE-B864-6982E4C339D5}"
EndProject
Global
	GlobalSection(SolutionConfigurationPlatforms) = preSolution
		Debug|Any CPU = Debug|Any CPU
		Release|Any CPU = Release|Any CPU
	EndGlobalSection
	GlobalSection(ProjectConfigurationPlatforms) = postSolution
		{51BE36F7-3B3B-43DE-B864-6982E4C339D5}.Debug|Any CPU.ActiveCfg = Debug|Any CPU
		{51BE36F7-3B3B-43DE-B864-6982E4C339D5}.Debug|Any CPU.Build.0 = Debug|Any CPU
		{51BE36F7-3B3B-43DE-B864-6982E4C339D5}.Release|Any CPU.ActiveCfg = Release|Any CPU
		{51BE36F7-3B3B-43DE-B864-6982E4C339D5}.Release|Any CPU.Build.0 = Release|Any CPU
	EndGlobalSection
	GlobalSection(SolutionProperties) = preSolution
		HideSolutionNode = FALSE
	EndGlobalSection
	GlobalSection(ExtensibilityGlobals) = postSolution
		SolutionGuid = {A7A66558-9D14-4AF4-A660-060DEE2C2828}
	EndGlobalSection
EndGlobal
